
Microsoft Visual Studio Solution File, Format Version 12.00
# Visual Studio Version 16
VisualStudioVersion = 16.0.30621.155
MinimumVisualStudioVersion = 10.0.40219.1
Project("{9A19103F-16F7-4668-BE54-9A1E7A4F7556}") = "GZipTest", "GZipTest.csproj", "{3C22E61C-83ED-49F5-9E97-457485DAFC69}"
EndProject
Global
	GlobalSection(SolutionConfigurationPlatforms) = preSolution
		Debug|Any CPU = Debug|Any CPU
		Release|Any CPU = Release|Any CPU
	EndGlobalSection
	GlobalSection(ProjectConfigurationPlatforms) = postSolution
		{3C22E61C-83ED-49F5-9E97-457485DAFC69}.Debug|Any CPU.ActiveCfg = Debug|Any CPU
		{3C22E61C-83ED-49F5-9E97-457485DAFC69}.Debug|Any CPU.Build.0 = Debug|Any CPU
		{3C22E61C-83ED-49F5-9E97-457485DAFC69}.Release|Any CPU.ActiveCfg = Release|Any CPU
		{3C22E61C-83ED-49F5-9E97-457485DAFC69}.Release|Any CPU.Build.0 = Release|Any CPU
	EndGlobalSection
	GlobalSection(SolutionProperties) = preSolution
		HideSolutionNode = FALSE
	EndGlobalSection
	GlobalSection(ExtensibilityGlobals) = postSolution
		SolutionGuid = {A8976479-A2A7-46EA-91C7-BFF2D39D003E}
	EndGlobalSection
EndGlobal
